{
  "name": "inferjs-compiler",
  "version": "0.0.7",
  "lockfileVersion": 3,
  "requires": true,
  "packages": {
    "": {
      "name": "inferjs-compiler",
      "version": "0.0.7",
      "hasInstallScript": true,
      "license": "MIT",
      "dependencies": {
        "console-table-printer": "^2.11.1",
        "curry-console": "^0.0.4"
      },
      "bin": {
        "inferjs-compiler": "bin/main.js"
      },
      "engines": {
        "node": ">=12.0.0",
        "npm": ">=5.0.0"
      }
    },
    "node_modules/console-table-printer": {
      "version": "2.11.1",
      "resolved": "https://registry.npmjs.org/console-table-printer/-/console-table-printer-2.11.1.tgz",
      "integrity": "sha512-8LfFpbF/BczoxPwo2oltto5bph8bJkGOATXsg3E9ddMJOGnWJciKHldx2zDj5XIBflaKzPfVCjOTl6tMh7lErg==",
      "dependencies": {
        "simple-wcswidth": "^1.0.1"
      }
    },
    "node_modules/curry-console": {
      "version": "0.0.4",
      "resolved": "https://registry.npmjs.org/curry-console/-/curry-console-0.0.4.tgz",
      "integrity": "sha512-w/b4h0DAZq1pSn1+W8SLPz3A8xMPi/uLFQOKSVFNI7qRa1ePAY5OzgC4h1GkxbogpEEf0/K86KjwnifXtZn3EQ==",
      "engines": {
        "node": ">=12.0.0"
      }
    },
    "node_modules/simple-wcswidth": {
      "version": "1.0.1",
      "resolved": "https://registry.npmjs.org/simple-wcswidth/-/simple-wcswidth-1.0.1.tgz",
      "integrity": "sha512-xMO/8eNREtaROt7tJvWJqHBDTMFN4eiQ5I4JRMuilwfnFcV5W9u7RUkueNkdw0jPqGMX36iCywelS5yilTuOxg=="
    }
  }
}
